
Microsoft Visual Studio Solution File, Format Version 12.00
# Visual Studio Version 16
VisualStudioVersion = 16.0.31613.86
MinimumVisualStudioVersion = 10.0.40219.1
Project("{FAE04EC0-301F-11D3-BF4B-00C04F79EFBC}") = "Unary Operators", "Unary Operators\Unary Operators.csproj", "{EDD5A98A-7ACE-4BAC-8465-235106E7783C}"
EndProject
Global
	GlobalSection(SolutionConfigurationPlatforms) = preSolution
		Debug|Any CPU = Debug|Any CPU
		Release|Any CPU = Release|Any CPU
	EndGlobalSection
	GlobalSection(ProjectConfigurationPlatforms) = postSolution
		{EDD5A98A-7ACE-4BAC-8465-235106E7783C}.Debug|Any CPU.ActiveCfg = Debug|Any CPU
		{EDD5A98A-7ACE-4BAC-8465-235106E7783C}.Debug|Any CPU.Build.0 = Debug|Any CPU
		{EDD5A98A-7ACE-4BAC-8465-235106E7783C}.Release|Any CPU.ActiveCfg = Release|Any CPU
		{EDD5A98A-7ACE-4BAC-8465-235106E7783C}.Release|Any CPU.Build.0 = Release|Any CPU
	EndGlobalSection
	GlobalSection(SolutionProperties) = preSolution
		HideSolutionNode = FALSE
	EndGlobalSection
	GlobalSection(ExtensibilityGlobals) = postSolution
		SolutionGuid = {F1F53D9D-9A38-457C-81FC-7F2ECC8F849E}
	EndGlobalSection
EndGlobal
